
Microsoft Visual Studio Solution File, Format Version 12.00
# Visual Studio 15
VisualStudioVersion = 15.0.27703.2047
MinimumVisualStudioVersion = 10.0.40219.1
Project("{FAE04EC0-301F-11D3-BF4B-00C04F79EFBC}") = "Lab01JorgeVargas", "Lab01JorgeVargas\Lab01JorgeVargas.csproj", "{F07948A1-5C63-4DF7-A7FF-959DD1E61E63}"
EndProject
Project("{FAE04EC0-301F-11D3-BF4B-00C04F79EFBC}") = "Lab01.Console", "Lab01.Console\Lab01.Console.csproj", "{6D35B961-5977-4F9C-A1F2-FEC104E29219}"
EndProject
Global
	GlobalSection(SolutionConfigurationPlatforms) = preSolution
		Debug|Any CPU = Debug|Any CPU
		Release|Any CPU = Release|Any CPU
	EndGlobalSection
	GlobalSection(ProjectConfigurationPlatforms) = postSolution
		{F07948A1-5C63-4DF7-A7FF-959DD1E61E63}.Debug|Any CPU.ActiveCfg = Debug|Any CPU
		{F07948A1-5C63-4DF7-A7FF-959DD1E61E63}.Debug|Any CPU.Build.0 = Debug|Any CPU
		{F07948A1-5C63-4DF7-A7FF-959DD1E61E63}.Release|Any CPU.ActiveCfg = Release|Any CPU
		{F07948A1-5C63-4DF7-A7FF-959DD1E61E63}.Release|Any CPU.Build.0 = Release|Any CPU
		{6D35B961-5977-4F9C-A1F2-FEC104E29219}.Debug|Any CPU.ActiveCfg = Debug|Any CPU
		{6D35B961-5977-4F9C-A1F2-FEC104E29219}.Debug|Any CPU.Build.0 = Debug|Any CPU
		{6D35B961-5977-4F9C-A1F2-FEC104E29219}.Release|Any CPU.ActiveCfg = Release|Any CPU
		{6D35B961-5977-4F9C-A1F2-FEC104E29219}.Release|Any CPU.Build.0 = Release|Any CPU
	EndGlobalSection
	GlobalSection(SolutionProperties) = preSolution
		HideSolutionNode = FALSE
	EndGlobalSection
	GlobalSection(ExtensibilityGlobals) = postSolution
		SolutionGuid = {66E6220A-7CFE-4BA3-A29C-C780E5D594AF}
	EndGlobalSection
EndGlobal
